
Microsoft Visual Studio Solution File, Format Version 12.00
# Visual Studio 15
Project("{FAE04EC0-301F-11D3-BF4B-00C04F79EFBC}") = "VuforiaScripts", "VuforiaScripts.csproj", "{2AE048EF-3211-D6E7-9231-A27A9AACD4FB}"
EndProject
Project("{FAE04EC0-301F-11D3-BF4B-00C04F79EFBC}") = "Assembly-CSharp", "Assembly-CSharp.csproj", "{2AB8C13D-15AE-7C3C-D52C-1DBAAAF44286}"
EndProject
Project("{FAE04EC0-301F-11D3-BF4B-00C04F79EFBC}") = "VuforiaEditorScripts", "VuforiaEditorScripts.csproj", "{E554525C-2772-B181-EBDE-FE8FBD312848}"
EndProject
Global
	GlobalSection(SolutionConfigurationPlatforms) = preSolution
		Debug|Any CPU = Debug|Any CPU
		Release|Any CPU = Release|Any CPU
	EndGlobalSection
	GlobalSection(ProjectConfigurationPlatforms) = postSolution
		{2AE048EF-3211-D6E7-9231-A27A9AACD4FB}.Debug|Any CPU.ActiveCfg = Debug|Any CPU
		{2AE048EF-3211-D6E7-9231-A27A9AACD4FB}.Debug|Any CPU.Build.0 = Debug|Any CPU
		{2AE048EF-3211-D6E7-9231-A27A9AACD4FB}.Release|Any CPU.ActiveCfg = Release|Any CPU
		{2AE048EF-3211-D6E7-9231-A27A9AACD4FB}.Release|Any CPU.Build.0 = Release|Any CPU
		{2AB8C13D-15AE-7C3C-D52C-1DBAAAF44286}.Debug|Any CPU.ActiveCfg = Debug|Any CPU
		{2AB8C13D-15AE-7C3C-D52C-1DBAAAF44286}.Debug|Any CPU.Build.0 = Debug|Any CPU
		{2AB8C13D-15AE-7C3C-D52C-1DBAAAF44286}.Release|Any CPU.ActiveCfg = Release|Any CPU
		{2AB8C13D-15AE-7C3C-D52C-1DBAAAF44286}.Release|Any CPU.Build.0 = Release|Any CPU
		{E554525C-2772-B181-EBDE-FE8FBD312848}.Debug|Any CPU.ActiveCfg = Debug|Any CPU
		{E554525C-2772-B181-EBDE-FE8FBD312848}.Debug|Any CPU.Build.0 = Debug|Any CPU
		{E554525C-2772-B181-EBDE-FE8FBD312848}.Release|Any CPU.ActiveCfg = Release|Any CPU
		{E554525C-2772-B181-EBDE-FE8FBD312848}.Release|Any CPU.Build.0 = Release|Any CPU
	EndGlobalSection
	GlobalSection(SolutionProperties) = preSolution
		HideSolutionNode = FALSE
	EndGlobalSection
	GlobalSection(MonoDevelopProperties) = preSolution
		StartupItem = Assembly-CSharp.csproj
	EndGlobalSection
EndGlobal
